
Microsoft Visual Studio Solution File, Format Version 12.00
# Visual Studio 15
Project("{FAE04EC0-301F-11D3-BF4B-00C04F79EFBC}") = "Assembly-CSharp", "Assembly-CSharp.csproj", "{32EB9391-6C55-EC16-6054-725FD2445623}"
EndProject
Project("{FAE04EC0-301F-11D3-BF4B-00C04F79EFBC}") = "Assembly-CSharp-Editor", "Assembly-CSharp-Editor.csproj", "{79BC2E61-1066-CB9B-A4DC-78457054ACE8}"
EndProject
Global
	GlobalSection(SolutionConfigurationPlatforms) = preSolution
		Debug|Any CPU = Debug|Any CPU
		Release|Any CPU = Release|Any CPU
	EndGlobalSection
	GlobalSection(ProjectConfigurationPlatforms) = postSolution
		{32EB9391-6C55-EC16-6054-725FD2445623}.Debug|Any CPU.ActiveCfg = Debug|Any CPU
		{32EB9391-6C55-EC16-6054-725FD2445623}.Debug|Any CPU.Build.0 = Debug|Any CPU
		{32EB9391-6C55-EC16-6054-725FD2445623}.Release|Any CPU.ActiveCfg = Release|Any CPU
		{32EB9391-6C55-EC16-6054-725FD2445623}.Release|Any CPU.Build.0 = Release|Any CPU
		{79BC2E61-1066-CB9B-A4DC-78457054ACE8}.Debug|Any CPU.ActiveCfg = Debug|Any CPU
		{79BC2E61-1066-CB9B-A4DC-78457054ACE8}.Debug|Any CPU.Build.0 = Debug|Any CPU
		{79BC2E61-1066-CB9B-A4DC-78457054ACE8}.Release|Any CPU.ActiveCfg = Release|Any CPU
		{79BC2E61-1066-CB9B-A4DC-78457054ACE8}.Release|Any CPU.Build.0 = Release|Any CPU
	EndGlobalSection
	GlobalSection(SolutionProperties) = preSolution
		HideSolutionNode = FALSE
	EndGlobalSection
EndGlobal
